
Microsoft Visual Studio Solution File, Format Version 12.00
# Visual Studio Version 16
VisualStudioVersion = 16.0.31515.178
MinimumVisualStudioVersion = 10.0.40219.1
Project("{9A19103F-16F7-4668-BE54-9A1E7A4F7556}") = "OptimizelyTwelveTest", "OptimizelyTwelveTest\OptimizelyTwelveTest.csproj", "{5D9A020E-AE86-4902-AC8C-94C3A24297BF}"
EndProject
Project("{9A19103F-16F7-4668-BE54-9A1E7A4F7556}") = "OptimizelyTwelveTest.Features", "OptimizelyTwelveTest.Features\OptimizelyTwelveTest.Features.csproj", "{EC344CCA-F2DD-46A0-A459-E7E488B2836B}"
EndProject
Project("{9A19103F-16F7-4668-BE54-9A1E7A4F7556}") = "Stott.Optimizely.RobotsHandler", "Stott.Optimizely.RobotsHandler\Stott.Optimizely.RobotsHandler.csproj", "{5B3439FD-B3F5-4A28-95F1-EAED2910B7C2}"
EndProject
Project("{9A19103F-16F7-4668-BE54-9A1E7A4F7556}") = "Stott.Optimizely.RobotsHandler.Test", "Stott.Optimizely.RobotsHandler.Test\Stott.Optimizely.RobotsHandler.Test.csproj", "{3AD9E3D0-E34D-4A31-9B1F-426AFF0085FE}"
EndProject
Global
	GlobalSection(SolutionConfigurationPlatforms) = preSolution
		Debug|Any CPU = Debug|Any CPU
		Release|Any CPU = Release|Any CPU
	EndGlobalSection
	GlobalSection(ProjectConfigurationPlatforms) = postSolution
		{5D9A020E-AE86-4902-AC8C-94C3A24297BF}.Debug|Any CPU.ActiveCfg = Debug|Any CPU
		{5D9A020E-AE86-4902-AC8C-94C3A24297BF}.Debug|Any CPU.Build.0 = Debug|Any CPU
		{5D9A020E-AE86-4902-AC8C-94C3A24297BF}.Release|Any CPU.ActiveCfg = Release|Any CPU
		{5D9A020E-AE86-4902-AC8C-94C3A24297BF}.Release|Any CPU.Build.0 = Release|Any CPU
		{EC344CCA-F2DD-46A0-A459-E7E488B2836B}.Debug|Any CPU.ActiveCfg = Debug|Any CPU
		{EC344CCA-F2DD-46A0-A459-E7E488B2836B}.Debug|Any CPU.Build.0 = Debug|Any CPU
		{EC344CCA-F2DD-46A0-A459-E7E488B2836B}.Release|Any CPU.ActiveCfg = Release|Any CPU
		{EC344CCA-F2DD-46A0-A459-E7E488B2836B}.Release|Any CPU.Build.0 = Release|Any CPU
		{5B3439FD-B3F5-4A28-95F1-EAED2910B7C2}.Debug|Any CPU.ActiveCfg = Debug|Any CPU
		{5B3439FD-B3F5-4A28-95F1-EAED2910B7C2}.Debug|Any CPU.Build.0 = Debug|Any CPU
		{5B3439FD-B3F5-4A28-95F1-EAED2910B7C2}.Release|Any CPU.ActiveCfg = Release|Any CPU
		{5B3439FD-B3F5-4A28-95F1-EAED2910B7C2}.Release|Any CPU.Build.0 = Release|Any CPU
		{3AD9E3D0-E34D-4A31-9B1F-426AFF0085FE}.Debug|Any CPU.ActiveCfg = Debug|Any CPU
		{3AD9E3D0-E34D-4A31-9B1F-426AFF0085FE}.Debug|Any CPU.Build.0 = Debug|Any CPU
		{3AD9E3D0-E34D-4A31-9B1F-426AFF0085FE}.Release|Any CPU.ActiveCfg = Release|Any CPU
		{3AD9E3D0-E34D-4A31-9B1F-426AFF0085FE}.Release|Any CPU.Build.0 = Release|Any CPU
	EndGlobalSection
	GlobalSection(SolutionProperties) = preSolution
		HideSolutionNode = FALSE
	EndGlobalSection
	GlobalSection(ExtensibilityGlobals) = postSolution
		SolutionGuid = {EC53AED3-7161-4A11-BEA3-30544B259715}
	EndGlobalSection
EndGlobal
